
Microsoft Visual Studio Solution File, Format Version 12.00
# Visual Studio Version 16
VisualStudioVersion = 16.0.31112.23
MinimumVisualStudioVersion = 10.0.40219.1
Project("{9A19103F-16F7-4668-BE54-9A1E7A4F7556}") = "PetFinder", "PetFinder.csproj", "{3C9B2E7B-1297-4839-900F-A2EE58DBBFD1}"
EndProject
Project("{FAE04EC0-301F-11D3-BF4B-00C04F79EFBC}") = "PetFinder.Tests", "..\PetFinder.Tests\PetFinder.Tests.csproj", "{4A52548D-5E0B-41B5-8D08-2D68648B9764}"
EndProject
Global
	GlobalSection(SolutionConfigurationPlatforms) = preSolution
		Debug|Any CPU = Debug|Any CPU
		Release|Any CPU = Release|Any CPU
	EndGlobalSection
	GlobalSection(ProjectConfigurationPlatforms) = postSolution
		{3C9B2E7B-1297-4839-900F-A2EE58DBBFD1}.Debug|Any CPU.ActiveCfg = Debug|Any CPU
		{3C9B2E7B-1297-4839-900F-A2EE58DBBFD1}.Debug|Any CPU.Build.0 = Debug|Any CPU
		{3C9B2E7B-1297-4839-900F-A2EE58DBBFD1}.Release|Any CPU.ActiveCfg = Release|Any CPU
		{3C9B2E7B-1297-4839-900F-A2EE58DBBFD1}.Release|Any CPU.Build.0 = Release|Any CPU
		{4A52548D-5E0B-41B5-8D08-2D68648B9764}.Debug|Any CPU.ActiveCfg = Debug|Any CPU
		{4A52548D-5E0B-41B5-8D08-2D68648B9764}.Debug|Any CPU.Build.0 = Debug|Any CPU
		{4A52548D-5E0B-41B5-8D08-2D68648B9764}.Release|Any CPU.ActiveCfg = Release|Any CPU
		{4A52548D-5E0B-41B5-8D08-2D68648B9764}.Release|Any CPU.Build.0 = Release|Any CPU
	EndGlobalSection
	GlobalSection(SolutionProperties) = preSolution
		HideSolutionNode = FALSE
	EndGlobalSection
	GlobalSection(ExtensibilityGlobals) = postSolution
		SolutionGuid = {8033EC92-E0B6-4E0F-984D-E19004F22FC8}
	EndGlobalSection
EndGlobal
